
Microsoft Visual Studio Solution File, Format Version 12.00
# Visual Studio Version 16
VisualStudioVersion = 16.0.29326.143
MinimumVisualStudioVersion = 10.0.40219.1
Project("{FAE04EC0-301F-11D3-BF4B-00C04F79EFBC}") = "proxyE", "proxyE\proxyE.csproj", "{5289323E-95D7-4B31-96C2-A808D8E078C0}"
EndProject
Global
	GlobalSection(SolutionConfigurationPlatforms) = preSolution
		Debug|Any CPU = Debug|Any CPU
		Release|Any CPU = Release|Any CPU
	EndGlobalSection
	GlobalSection(ProjectConfigurationPlatforms) = postSolution
		{5289323E-95D7-4B31-96C2-A808D8E078C0}.Debug|Any CPU.ActiveCfg = Debug|Any CPU
		{5289323E-95D7-4B31-96C2-A808D8E078C0}.Debug|Any CPU.Build.0 = Debug|Any CPU
		{5289323E-95D7-4B31-96C2-A808D8E078C0}.Release|Any CPU.ActiveCfg = Release|Any CPU
		{5289323E-95D7-4B31-96C2-A808D8E078C0}.Release|Any CPU.Build.0 = Release|Any CPU
	EndGlobalSection
	GlobalSection(SolutionProperties) = preSolution
		HideSolutionNode = FALSE
	EndGlobalSection
	GlobalSection(ExtensibilityGlobals) = postSolution
		SolutionGuid = {1FE0E5D8-7C20-4BA3-BC09-5021CBE2606D}
	EndGlobalSection
EndGlobal
